
Microsoft Visual Studio Solution File, Format Version 12.00
# Visual Studio 15
VisualStudioVersion = 15.0.27004.2008
MinimumVisualStudioVersion = 10.0.40219.1
Project("{FAE04EC0-301F-11D3-BF4B-00C04F79EFBC}") = "Isjr.Data", "Isjr.Data\Isjr.Data.csproj", "{54603D9A-E08A-47FD-A83A-29C97BAE118F}"
EndProject
Project("{FAE04EC0-301F-11D3-BF4B-00C04F79EFBC}") = "Isjr.Web", "Isjr.Web\Isjr.Web.csproj", "{3A26069D-3C7E-490C-A7DA-79DEC5077262}"
EndProject
Global
	GlobalSection(SolutionConfigurationPlatforms) = preSolution
		Debug|Any CPU = Debug|Any CPU
		Release|Any CPU = Release|Any CPU
	EndGlobalSection
	GlobalSection(ProjectConfigurationPlatforms) = postSolution
		{54603D9A-E08A-47FD-A83A-29C97BAE118F}.Debug|Any CPU.ActiveCfg = Debug|Any CPU
		{54603D9A-E08A-47FD-A83A-29C97BAE118F}.Debug|Any CPU.Build.0 = Debug|Any CPU
		{54603D9A-E08A-47FD-A83A-29C97BAE118F}.Release|Any CPU.ActiveCfg = Release|Any CPU
		{54603D9A-E08A-47FD-A83A-29C97BAE118F}.Release|Any CPU.Build.0 = Release|Any CPU
		{3A26069D-3C7E-490C-A7DA-79DEC5077262}.Debug|Any CPU.ActiveCfg = Debug|Any CPU
		{3A26069D-3C7E-490C-A7DA-79DEC5077262}.Debug|Any CPU.Build.0 = Debug|Any CPU
		{3A26069D-3C7E-490C-A7DA-79DEC5077262}.Release|Any CPU.ActiveCfg = Release|Any CPU
		{3A26069D-3C7E-490C-A7DA-79DEC5077262}.Release|Any CPU.Build.0 = Release|Any CPU
	EndGlobalSection
	GlobalSection(SolutionProperties) = preSolution
		HideSolutionNode = FALSE
	EndGlobalSection
	GlobalSection(ExtensibilityGlobals) = postSolution
		SolutionGuid = {0CDAEF51-FE41-47C1-B96C-45DF58D316AF}
	EndGlobalSection
EndGlobal
